// !$*UTF8*$!
{
	archiveVersion = 1;
	classes = {
	};
	objectVersion = 46;
	objects = {

/* Begin PBXBuildFile section */
		506CD9671CBD119F00BEEE14 /* AppDelegate.swift in Sources */ = {isa = PBXBuildFile; fileRef = 506CD9661CBD119F00BEEE14 /* AppDelegate.swift */; };
		506CD9691CBD119F00BEEE14 /* ViewController.swift in Sources */ = {isa = PBXBuildFile; fileRef = 506CD9681CBD119F00BEEE14 /* ViewController.swift */; };
		506CD96C1CBD119F00BEEE14 /* Main.storyboard in Resources */ = {isa = PBXBuildFile; fileRef = 506CD96A1CBD119F00BEEE14 /* Main.storyboard */; };
		506CD96E1CBD119F00BEEE14 /* Assets.xcassets in Resources */ = {isa = PBXBuildFile; fileRef = 506CD96D1CBD119F00BEEE14 /* Assets.xcassets */; };
		506CD9711CBD119F00BEEE14 /* LaunchScreen.storyboard in Resources */ = {isa = PBXBuildFile; fileRef = 506CD96F1CBD119F00BEEE14 /* LaunchScreen.storyboard */; };
/* End PBXBuildFile section */

/* Begin PBXFileReference section */
		506CD9631CBD119F00BEEE14 /* Project 14 - LotteryMachine.app */ = {isa = PBXFileReference; explicitFileType = wrapper.application; includeInIndex = 0; path = "Project 14 - LotteryMachine.app"; sourceTree = BUILT_PRODUCTS_DIR; };
		506CD9661CBD119F00BEEE14 /* AppDelegate.swift */ = {isa = PBXFileReference; lastKnownFileType = sourcecode.swift; path = AppDelegate.swift; sourceTree = "<group>"; };
		506CD9681CBD119F00BEEE14 /* ViewController.swift */ = {isa = PBXFileReference; lastKnownFileType = sourcecode.swift; path = ViewController.swift; sourceTree = "<group>"; };
		506CD96B1CBD119F00BEEE14 /* Base */ = {isa = PBXFileReference; lastKnownFileType = file.storyboard; name = Base; path = Base.lproj/Main.storyboard; sourceTree = "<group>"; };
		506CD96D1CBD119F00BEEE14 /* Assets.xcassets */ = {isa = PBXFileReference; lastKnownFileType = folder.assetcatalog; path = Assets.xcassets; sourceTree = "<group>"; };
		506CD9701CBD119F00BEEE14 /* Base */ = {isa = PBXFileReference; lastKnownFileType = file.storyboard; name = Base; path = Base.lproj/LaunchScreen.storyboard; sourceTree = "<group>"; };
		506CD9721CBD119F00BEEE14 /* Info.plist */ = {isa = PBXFileReference; lastKnownFileType = text.plist.xml; path = Info.plist; sourceTree = "<group>"; };
/* End PBXFileReference section */

/* Begin PBXFrameworksBuildPhase section */
		506CD9601CBD119F00BEEE14 /* Frameworks */ = {
			isa = PBXFrameworksBuildPhase;
			buildActionMask = 2147483647;
			files = (
			);
			runOnlyForDeploymentPostprocessing = 0;
		};
/* End PBXFrameworksBuildPhase section */

/* Begin PBXGroup section */
		506CD95A1CBD119F00BEEE14 = {
			isa = PBXGroup;
			children = (
				506CD9651CBD119F00BEEE14 /* Project 14 - LotteryMachine */,
				506CD9641CBD119F00BEEE14 /* Products */,
			);
			sourceTree = "<group>";
		};
		506CD9641CBD119F00BEEE14 /* Products */ = {
			isa = PBXGroup;
			children = (
				506CD9631CBD119F00BEEE14 /* Project 14 - LotteryMachine.app */,
			);
			name = Products;
			sourceTree = "<group>";
		};
		506CD9651CBD119F00BEEE14 /* Project 14 - LotteryMachine */ = {
			isa = PBXGroup;
			children = (
				506CD9661CBD119F00BEEE14 /* AppDelegate.swift */,
				506CD9681CBD119F00BEEE14 /* ViewController.swift */,
				506CD96A1CBD119F00BEEE14 /* Main.storyboard */,
				506CD96D1CBD119F00BEEE14 /* Assets.xcassets */,
				506CD96F1CBD119F00BEEE14 /* LaunchScreen.storyboard */,
				506CD9721CBD119F00BEEE14 /* Info.plist */,
			);
			path = "Project 14 - LotteryMachine";
			sourceTree = "<group>";
		};
/* End PBXGroup section */

/* Begin PBXNativeTarget section */
		506CD9621CBD119F00BEEE14 /* Project 14 - LotteryMachine */ = {
			isa = PBXNativeTarget;
			buildConfigurationList = 506CD9751CBD119F00BEEE14 /* Build configuration list for PBXNativeTarget "Project 14 - LotteryMachine" */;
			buildPhases = (
				506CD95F1CBD119F00BEEE14 /* Sources */,
				506CD9601CBD119F00BEEE14 /* Frameworks */,
				506CD9611CBD119F00BEEE14 /* Resources */,
			);
			buildRules = (
			);
			dependencies = (
			);
			name = "Project 14 - LotteryMachine";
			productName = "Project 14 - LotteryMachine";
			productReference = 506CD9631CBD119F00BEEE14 /* Project 14 - LotteryMachine.app */;
			productType = "com.apple.product-type.application";
		};
/* End PBXNativeTarget section */

/* Begin PBXProject section */
		506CD95B1CBD119F00BEEE14 /* Project object */ = {
			isa = PBXProject;
			attributes = {
				LastSwiftUpdateCheck = 0720;
				LastUpgradeCheck = 0720;
				ORGANIZATIONNAME = ZhangQingjie;
				TargetAttributes = {
					506CD9621CBD119F00BEEE14 = {
						CreatedOnToolsVersion = 7.2;
					};
				};
			};
			buildConfigurationList = 506CD95E1CBD119F00BEEE14 /* Build configuration list for PBXProject "Project 14 - LotteryMachine" */;
			compatibilityVersion = "Xcode 3.2";
			developmentRegion = English;
			hasScannedForEncodings = 0;
			knownRegions = (
				en,
				Base,
			);
			mainGroup = 506CD95A1CBD119F00BEEE14;
			productRefGroup = 506CD9641CBD119F00BEEE14 /* Products */;
			projectDirPath = "";
			projectRoot = "";
			targets = (
				506CD9621CBD119F00BEEE14 /* Project 14 - LotteryMachine */,
			);
		};
/* End PBXProject section */

/* Begin PBXResourcesBuildPhase section */
		506CD9611CBD119F00BEEE14 /* Resources */ = {
			isa = PBXResourcesBuildPhase;
			buildActionMask = 2147483647;
			files = (
				506CD9711CBD119F00BEEE14 /* LaunchScreen.storyboard in Resources */,
				506CD96E1CBD119F00BEEE14 /* Assets.xcassets in Resources */,
				506CD96C1CBD119F00BEEE14 /* Main.storyboard in Resources */,
			);
			runOnlyForDeploymentPostprocessing = 0;
		};
/* End PBXResourcesBuildPhase section */

/* Begin PBXSourcesBuildPhase section */
		506CD95F1CBD119F00BEEE14 /* Sources */ = {
			isa = PBXSourcesBuildPhase;
			buildActionMask = 2147483647;
			files = (
				506CD9691CBD119F00BEEE14 /* ViewController.swift in Sources */,
				506CD9671CBD119F00BEEE14 /* AppDelegate.swift in Sources */,
			);
			runOnlyForDeploymentPostprocessing = 0;
		};
/* End PBXSourcesBuildPhase section */

/* Begin PBXVariantGroup section */
		506CD96A1CBD119F00BEEE14 /* Main.storyboard */ = {
			isa = PBXVariantGroup;
			children = (
				506CD96B1CBD119F00BEEE14 /* Base */,
			);
			name = Main.storyboard;
			sourceTree = "<group>";
		};
		506CD96F1CBD119F00BEEE14 /* LaunchScreen.storyboard */ = {
			isa = PBXVariantGroup;
			children = (
				506CD9701CBD119F00BEEE14 /* Base */,
			);
			name = LaunchScreen.storyboard;
			sourceTree = "<group>";
		};
/* End PBXVariantGroup section */

/* Begin XCBuildConfiguration section */
		506CD9731CBD119F00BEEE14 /* Debug */ = {
			isa = XCBuildConfiguration;
			buildSettings = {
				ALWAYS_SEARCH_USER_PATHS = NO;
				CLANG_CXX_LANGUAGE_STANDARD = "gnu++0x";
				CLANG_CXX_LIBRARY = "libc++";
				CLANG_ENABLE_MODULES = YES;
				CLANG_ENABLE_OBJC_ARC = YES;
				CLANG_WARN_BOOL_CONVERSION = YES;
				CLANG_WARN_CONSTANT_CONVERSION = YES;
				CLANG_WARN_DIRECT_OBJC_ISA_USAGE = YES_ERROR;
				CLANG_WARN_EMPTY_BODY = YES;
				CLANG_WARN_ENUM_CONVERSION = YES;
				CLANG_WARN_INT_CONVERSION = YES;
				CLANG_WARN_OBJC_ROOT_CLASS = YES_ERROR;
				CLANG_WARN_UNREACHABLE_CODE = YES;
				CLANG_WARN__DUPLICATE_METHOD_MATCH = YES;
				"CODE_SIGN_IDENTITY[sdk=iphoneos*]" = "iPhone Developer";
				COPY_PHASE_STRIP = NO;
				DEBUG_INFORMATION_FORMAT = dwarf;
				ENABLE_STRICT_OBJC_MSGSEND = YES;
				ENABLE_TESTABILITY = YES;
				GCC_C_LANGUAGE_STANDARD = gnu99;
				GCC_DYNAMIC_NO_PIC = NO;
				GCC_NO_COMMON_BLOCKS = YES;
				GCC_OPTIMIZATION_LEVEL = 0;
				GCC_PREPROCESSOR_DEFINITIONS = (
					"DEBUG=1",
					"$(inherited)",
				);
				GCC_WARN_64_TO_32_BIT_CONVERSION = YES;
				GCC_WARN_ABOUT_RETURN_TYPE = YES_ERROR;
				GCC_WARN_UNDECLARED_SELECTOR = YES;
				GCC_WARN_UNINITIALIZED_AUTOS = YES_AGGRESSIVE;
				GCC_WARN_UNUSED_FUNCTION = YES;
				GCC_WARN_UNUSED_VARIABLE = YES;
				IPHONEOS_DEPLOYMENT_TARGET = 9.2;
				MTL_ENABLE_DEBUG_INFO = YES;
				ONLY_ACTIVE_ARCH = YES;
				SDKROOT = iphoneos;
				SWIFT_OPTIMIZATION_LEVEL = "-Onone";
			};
			name = Debug;
		};
		506CD9741CBD119F00BEEE14 /* Release */ = {
			isa = XCBuildConfiguration;
			buildSettings = {
				ALWAYS_SEARCH_USER_PATHS = NO;
				CLANG_CXX_LANGUAGE_STANDARD = "gnu++0x";
				CLANG_CXX_LIBRARY = "libc++";
				CLANG_ENABLE_MODULES = YES;
				CLANG_ENABLE_OBJC_ARC = YES;
				CLANG_WARN_BOOL_CONVERSION = YES;
				CLANG_WARN_CONSTANT_CONVERSION = YES;
				CLANG_WARN_DIRECT_OBJC_ISA_USAGE = YES_ERROR;
				CLANG_WARN_EMPTY_BODY = YES;
				CLANG_WARN_ENUM_CONVERSION = YES;
				CLANG_WARN_INT_CONVERSION = YES;
				CLANG_WARN_OBJC_ROOT_CLASS = YES_ERROR;
				CLANG_WARN_UNREACHABLE_CODE = YES;
				CLANG_WARN__DUPLICATE_METHOD_MATCH = YES;
				"CODE_SIGN_IDENTITY[sdk=iphoneos*]" = "iPhone Developer";
				COPY_PHASE_STRIP = NO;
				DEBUG_INFORMATION_FORMAT = "dwarf-with-dsym";
				ENABLE_NS_ASSERTIONS = NO;
				ENABLE_STRICT_OBJC_MSGSEND = YES;
				GCC_C_LANGUAGE_STANDARD = gnu99;
				GCC_NO_COMMON_BLOCKS = YES;
				GCC_WARN_64_TO_32_BIT_CONVERSION = YES;
				GCC_WARN_ABOUT_RETURN_TYPE = YES_ERROR;
				GCC_WARN_UNDECLARED_SELECTOR = YES;
				GCC_WARN_UNINITIALIZED_AUTOS = YES_AGGRESSIVE;
				GCC_WARN_UNUSED_FUNCTION = YES;
				GCC_WARN_UNUSED_VARIABLE = YES;
				IPHONEOS_DEPLOYMENT_TARGET = 9.2;
				MTL_ENABLE_DEBUG_INFO = NO;
				SDKROOT = iphoneos;
				VALIDATE_PRODUCT = YES;
			};
			name = Release;
		};
		506CD9761CBD119F00BEEE14 /* Debug */ = {
			isa = XCBuildConfiguration;
			buildSettings = {
				ASSETCATALOG_COMPILER_APPICON_NAME = AppIcon;
				INFOPLIST_FILE = "Project 14 - LotteryMachine/Info.plist";
				LD_RUNPATH_SEARCH_PATHS = "$(inherited) @executable_path/Frameworks";
				PRODUCT_BUNDLE_IDENTIFIER = "ZhangQingjie.Project-14---LotteryMachine";
				PRODUCT_NAME = "$(TARGET_NAME)";
			};
			name = Debug;
		};
		506CD9771CBD119F00BEEE14 /* Release */ = {
			isa = XCBuildConfiguration;
			buildSettings = {
				ASSETCATALOG_COMPILER_APPICON_NAME = AppIcon;
				INFOPLIST_FILE = "Project 14 - LotteryMachine/Info.plist";
				LD_RUNPATH_SEARCH_PATHS = "$(inherited) @executable_path/Frameworks";
				PRODUCT_BUNDLE_IDENTIFIER = "ZhangQingjie.Project-14---LotteryMachine";
				PRODUCT_NAME = "$(TARGET_NAME)";
			};
			name = Release;
		};
/* End XCBuildConfiguration section */

/* Begin XCConfigurationList section */
		506CD95E1CBD119F00BEEE14 /* Build configuration list for PBXProject "Project 14 - LotteryMachine" */ = {
			isa = XCConfigurationList;
			buildConfigurations = (
				506CD9731CBD119F00BEEE14 /* Debug */,
				506CD9741CBD119F00BEEE14 /* Release */,
			);
			defaultConfigurationIsVisible = 0;
			defaultConfigurationName = Release;
		};
		506CD9751CBD119F00BEEE14 /* Build configuration list for PBXNativeTarget "Project 14 - LotteryMachine" */ = {
			isa = XCConfigurationList;
			buildConfigurations = (
				506CD9761CBD119F00BEEE14 /* Debug */,
				506CD9771CBD119F00BEEE14 /* Release */,
			);
			defaultConfigurationIsVisible = 0;
		};
/* End XCConfigurationList section */
	};
	rootObject = 506CD95B1CBD119F00BEEE14 /* Project object */;
}
