// !$*UTF8*$!
{
	archiveVersion = 1;
	classes = {
	};
	objectVersion = 46;
	objects = {

/* Begin PBXBuildFile section */
		502D407F1CAAB319008F22E2 /* AppDelegate.swift in Sources */ = {isa = PBXBuildFile; fileRef = 502D407E1CAAB319008F22E2 /* AppDelegate.swift */; };
		502D40811CAAB319008F22E2 /* ViewController.swift in Sources */ = {isa = PBXBuildFile; fileRef = 502D40801CAAB319008F22E2 /* ViewController.swift */; };
		502D40841CAAB319008F22E2 /* Main.storyboard in Resources */ = {isa = PBXBuildFile; fileRef = 502D40821CAAB319008F22E2 /* Main.storyboard */; };
		502D40861CAAB319008F22E2 /* Assets.xcassets in Resources */ = {isa = PBXBuildFile; fileRef = 502D40851CAAB319008F22E2 /* Assets.xcassets */; };
		502D40891CAAB319008F22E2 /* LaunchScreen.storyboard in Resources */ = {isa = PBXBuildFile; fileRef = 502D40871CAAB319008F22E2 /* LaunchScreen.storyboard */; };
		502D40931CAACDE2008F22E2 /* CoreLocation.framework in Frameworks */ = {isa = PBXBuildFile; fileRef = 502D40921CAACDE2008F22E2 /* CoreLocation.framework */; };
/* End PBXBuildFile section */

/* Begin PBXFileReference section */
		502D407B1CAAB319008F22E2 /* Project 06 - FindMyLocation.app */ = {isa = PBXFileReference; explicitFileType = wrapper.application; includeInIndex = 0; path = "Project 06 - FindMyLocation.app"; sourceTree = BUILT_PRODUCTS_DIR; };
		502D407E1CAAB319008F22E2 /* AppDelegate.swift */ = {isa = PBXFileReference; lastKnownFileType = sourcecode.swift; path = AppDelegate.swift; sourceTree = "<group>"; };
		502D40801CAAB319008F22E2 /* ViewController.swift */ = {isa = PBXFileReference; lastKnownFileType = sourcecode.swift; path = ViewController.swift; sourceTree = "<group>"; };
		502D40831CAAB319008F22E2 /* Base */ = {isa = PBXFileReference; lastKnownFileType = file.storyboard; name = Base; path = Base.lproj/Main.storyboard; sourceTree = "<group>"; };
		502D40851CAAB319008F22E2 /* Assets.xcassets */ = {isa = PBXFileReference; lastKnownFileType = folder.assetcatalog; path = Assets.xcassets; sourceTree = "<group>"; };
		502D40881CAAB319008F22E2 /* Base */ = {isa = PBXFileReference; lastKnownFileType = file.storyboard; name = Base; path = Base.lproj/LaunchScreen.storyboard; sourceTree = "<group>"; };
		502D408A1CAAB319008F22E2 /* Info.plist */ = {isa = PBXFileReference; lastKnownFileType = text.plist.xml; path = Info.plist; sourceTree = "<group>"; };
		502D40921CAACDE2008F22E2 /* CoreLocation.framework */ = {isa = PBXFileReference; lastKnownFileType = wrapper.framework; name = CoreLocation.framework; path = System/Library/Frameworks/CoreLocation.framework; sourceTree = SDKROOT; };
/* End PBXFileReference section */

/* Begin PBXFrameworksBuildPhase section */
		502D40781CAAB319008F22E2 /* Frameworks */ = {
			isa = PBXFrameworksBuildPhase;
			buildActionMask = 2147483647;
			files = (
				502D40931CAACDE2008F22E2 /* CoreLocation.framework in Frameworks */,
			);
			runOnlyForDeploymentPostprocessing = 0;
		};
/* End PBXFrameworksBuildPhase section */

/* Begin PBXGroup section */
		502D40721CAAB319008F22E2 = {
			isa = PBXGroup;
			children = (
				502D40921CAACDE2008F22E2 /* CoreLocation.framework */,
				502D407D1CAAB319008F22E2 /* Project 06 - FindMyLocation */,
				502D407C1CAAB319008F22E2 /* Products */,
			);
			sourceTree = "<group>";
		};
		502D407C1CAAB319008F22E2 /* Products */ = {
			isa = PBXGroup;
			children = (
				502D407B1CAAB319008F22E2 /* Project 06 - FindMyLocation.app */,
			);
			name = Products;
			sourceTree = "<group>";
		};
		502D407D1CAAB319008F22E2 /* Project 06 - FindMyLocation */ = {
			isa = PBXGroup;
			children = (
				502D407E1CAAB319008F22E2 /* AppDelegate.swift */,
				502D40801CAAB319008F22E2 /* ViewController.swift */,
				502D40821CAAB319008F22E2 /* Main.storyboard */,
				502D40851CAAB319008F22E2 /* Assets.xcassets */,
				502D40871CAAB319008F22E2 /* LaunchScreen.storyboard */,
				502D408A1CAAB319008F22E2 /* Info.plist */,
			);
			path = "Project 06 - FindMyLocation";
			sourceTree = "<group>";
		};
/* End PBXGroup section */

/* Begin PBXNativeTarget section */
		502D407A1CAAB319008F22E2 /* Project 06 - FindMyLocation */ = {
			isa = PBXNativeTarget;
			buildConfigurationList = 502D408D1CAAB319008F22E2 /* Build configuration list for PBXNativeTarget "Project 06 - FindMyLocation" */;
			buildPhases = (
				502D40771CAAB319008F22E2 /* Sources */,
				502D40781CAAB319008F22E2 /* Frameworks */,
				502D40791CAAB319008F22E2 /* Resources */,
			);
			buildRules = (
			);
			dependencies = (
			);
			name = "Project 06 - FindMyLocation";
			productName = "Project 06 - FindMyLocation";
			productReference = 502D407B1CAAB319008F22E2 /* Project 06 - FindMyLocation.app */;
			productType = "com.apple.product-type.application";
		};
/* End PBXNativeTarget section */

/* Begin PBXProject section */
		502D40731CAAB319008F22E2 /* Project object */ = {
			isa = PBXProject;
			attributes = {
				LastSwiftUpdateCheck = 0720;
				LastUpgradeCheck = 0720;
				ORGANIZATIONNAME = ZhangQingjie;
				TargetAttributes = {
					502D407A1CAAB319008F22E2 = {
						CreatedOnToolsVersion = 7.2;
						SystemCapabilities = {
							com.apple.Maps.iOS = {
								enabled = 0;
							};
						};
					};
				};
			};
			buildConfigurationList = 502D40761CAAB319008F22E2 /* Build configuration list for PBXProject "Project 06 - FindMyLocation" */;
			compatibilityVersion = "Xcode 3.2";
			developmentRegion = English;
			hasScannedForEncodings = 0;
			knownRegions = (
				en,
				Base,
			);
			mainGroup = 502D40721CAAB319008F22E2;
			productRefGroup = 502D407C1CAAB319008F22E2 /* Products */;
			projectDirPath = "";
			projectRoot = "";
			targets = (
				502D407A1CAAB319008F22E2 /* Project 06 - FindMyLocation */,
			);
		};
/* End PBXProject section */

/* Begin PBXResourcesBuildPhase section */
		502D40791CAAB319008F22E2 /* Resources */ = {
			isa = PBXResourcesBuildPhase;
			buildActionMask = 2147483647;
			files = (
				502D40891CAAB319008F22E2 /* LaunchScreen.storyboard in Resources */,
				502D40861CAAB319008F22E2 /* Assets.xcassets in Resources */,
				502D40841CAAB319008F22E2 /* Main.storyboard in Resources */,
			);
			runOnlyForDeploymentPostprocessing = 0;
		};
/* End PBXResourcesBuildPhase section */

/* Begin PBXSourcesBuildPhase section */
		502D40771CAAB319008F22E2 /* Sources */ = {
			isa = PBXSourcesBuildPhase;
			buildActionMask = 2147483647;
			files = (
				502D40811CAAB319008F22E2 /* ViewController.swift in Sources */,
				502D407F1CAAB319008F22E2 /* AppDelegate.swift in Sources */,
			);
			runOnlyForDeploymentPostprocessing = 0;
		};
/* End PBXSourcesBuildPhase section */

/* Begin PBXVariantGroup section */
		502D40821CAAB319008F22E2 /* Main.storyboard */ = {
			isa = PBXVariantGroup;
			children = (
				502D40831CAAB319008F22E2 /* Base */,
			);
			name = Main.storyboard;
			sourceTree = "<group>";
		};
		502D40871CAAB319008F22E2 /* LaunchScreen.storyboard */ = {
			isa = PBXVariantGroup;
			children = (
				502D40881CAAB319008F22E2 /* Base */,
			);
			name = LaunchScreen.storyboard;
			sourceTree = "<group>";
		};
/* End PBXVariantGroup section */

/* Begin XCBuildConfiguration section */
		502D408B1CAAB319008F22E2 /* Debug */ = {
			isa = XCBuildConfiguration;
			buildSettings = {
				ALWAYS_SEARCH_USER_PATHS = NO;
				CLANG_CXX_LANGUAGE_STANDARD = "gnu++0x";
				CLANG_CXX_LIBRARY = "libc++";
				CLANG_ENABLE_MODULES = YES;
				CLANG_ENABLE_OBJC_ARC = YES;
				CLANG_WARN_BOOL_CONVERSION = YES;
				CLANG_WARN_CONSTANT_CONVERSION = YES;
				CLANG_WARN_DIRECT_OBJC_ISA_USAGE = YES_ERROR;
				CLANG_WARN_EMPTY_BODY = YES;
				CLANG_WARN_ENUM_CONVERSION = YES;
				CLANG_WARN_INT_CONVERSION = YES;
				CLANG_WARN_OBJC_ROOT_CLASS = YES_ERROR;
				CLANG_WARN_UNREACHABLE_CODE = YES;
				CLANG_WARN__DUPLICATE_METHOD_MATCH = YES;
				"CODE_SIGN_IDENTITY[sdk=iphoneos*]" = "iPhone Developer";
				COPY_PHASE_STRIP = NO;
				DEBUG_INFORMATION_FORMAT = dwarf;
				ENABLE_STRICT_OBJC_MSGSEND = YES;
				ENABLE_TESTABILITY = YES;
				GCC_C_LANGUAGE_STANDARD = gnu99;
				GCC_DYNAMIC_NO_PIC = NO;
				GCC_NO_COMMON_BLOCKS = YES;
				GCC_OPTIMIZATION_LEVEL = 0;
				GCC_PREPROCESSOR_DEFINITIONS = (
					"DEBUG=1",
					"$(inherited)",
				);
				GCC_WARN_64_TO_32_BIT_CONVERSION = YES;
				GCC_WARN_ABOUT_RETURN_TYPE = YES_ERROR;
				GCC_WARN_UNDECLARED_SELECTOR = YES;
				GCC_WARN_UNINITIALIZED_AUTOS = YES_AGGRESSIVE;
				GCC_WARN_UNUSED_FUNCTION = YES;
				GCC_WARN_UNUSED_VARIABLE = YES;
				IPHONEOS_DEPLOYMENT_TARGET = 9.2;
				MTL_ENABLE_DEBUG_INFO = YES;
				ONLY_ACTIVE_ARCH = YES;
				SDKROOT = iphoneos;
				SWIFT_OPTIMIZATION_LEVEL = "-Onone";
			};
			name = Debug;
		};
		502D408C1CAAB319008F22E2 /* Release */ = {
			isa = XCBuildConfiguration;
			buildSettings = {
				ALWAYS_SEARCH_USER_PATHS = NO;
				CLANG_CXX_LANGUAGE_STANDARD = "gnu++0x";
				CLANG_CXX_LIBRARY = "libc++";
				CLANG_ENABLE_MODULES = YES;
				CLANG_ENABLE_OBJC_ARC = YES;
				CLANG_WARN_BOOL_CONVERSION = YES;
				CLANG_WARN_CONSTANT_CONVERSION = YES;
				CLANG_WARN_DIRECT_OBJC_ISA_USAGE = YES_ERROR;
				CLANG_WARN_EMPTY_BODY = YES;
				CLANG_WARN_ENUM_CONVERSION = YES;
				CLANG_WARN_INT_CONVERSION = YES;
				CLANG_WARN_OBJC_ROOT_CLASS = YES_ERROR;
				CLANG_WARN_UNREACHABLE_CODE = YES;
				CLANG_WARN__DUPLICATE_METHOD_MATCH = YES;
				"CODE_SIGN_IDENTITY[sdk=iphoneos*]" = "iPhone Developer";
				COPY_PHASE_STRIP = NO;
				DEBUG_INFORMATION_FORMAT = "dwarf-with-dsym";
				ENABLE_NS_ASSERTIONS = NO;
				ENABLE_STRICT_OBJC_MSGSEND = YES;
				GCC_C_LANGUAGE_STANDARD = gnu99;
				GCC_NO_COMMON_BLOCKS = YES;
				GCC_WARN_64_TO_32_BIT_CONVERSION = YES;
				GCC_WARN_ABOUT_RETURN_TYPE = YES_ERROR;
				GCC_WARN_UNDECLARED_SELECTOR = YES;
				GCC_WARN_UNINITIALIZED_AUTOS = YES_AGGRESSIVE;
				GCC_WARN_UNUSED_FUNCTION = YES;
				GCC_WARN_UNUSED_VARIABLE = YES;
				IPHONEOS_DEPLOYMENT_TARGET = 9.2;
				MTL_ENABLE_DEBUG_INFO = NO;
				SDKROOT = iphoneos;
				VALIDATE_PRODUCT = YES;
			};
			name = Release;
		};
		502D408E1CAAB319008F22E2 /* Debug */ = {
			isa = XCBuildConfiguration;
			buildSettings = {
				ASSETCATALOG_COMPILER_APPICON_NAME = AppIcon;
				CODE_SIGN_IDENTITY = "iPhone Developer";
				INFOPLIST_FILE = "Project 06 - FindMyLocation/Info.plist";
				IPHONEOS_DEPLOYMENT_TARGET = 8.0;
				LD_RUNPATH_SEARCH_PATHS = "$(inherited) @executable_path/Frameworks";
				PRODUCT_BUNDLE_IDENTIFIER = "ZhangQingjie.Project-06---FindMyLocation";
				PRODUCT_NAME = "$(TARGET_NAME)";
				PROVISIONING_PROFILE = "3d3a506b-d9b0-411e-ab05-56e016e68699";
			};
			name = Debug;
		};
		502D408F1CAAB319008F22E2 /* Release */ = {
			isa = XCBuildConfiguration;
			buildSettings = {
				ASSETCATALOG_COMPILER_APPICON_NAME = AppIcon;
				CODE_SIGN_IDENTITY = "iPhone Developer";
				INFOPLIST_FILE = "Project 06 - FindMyLocation/Info.plist";
				IPHONEOS_DEPLOYMENT_TARGET = 8.0;
				LD_RUNPATH_SEARCH_PATHS = "$(inherited) @executable_path/Frameworks";
				PRODUCT_BUNDLE_IDENTIFIER = "ZhangQingjie.Project-06---FindMyLocation";
				PRODUCT_NAME = "$(TARGET_NAME)";
				PROVISIONING_PROFILE = "3d3a506b-d9b0-411e-ab05-56e016e68699";
			};
			name = Release;
		};
/* End XCBuildConfiguration section */

/* Begin XCConfigurationList section */
		502D40761CAAB319008F22E2 /* Build configuration list for PBXProject "Project 06 - FindMyLocation" */ = {
			isa = XCConfigurationList;
			buildConfigurations = (
				502D408B1CAAB319008F22E2 /* Debug */,
				502D408C1CAAB319008F22E2 /* Release */,
			);
			defaultConfigurationIsVisible = 0;
			defaultConfigurationName = Release;
		};
		502D408D1CAAB319008F22E2 /* Build configuration list for PBXNativeTarget "Project 06 - FindMyLocation" */ = {
			isa = XCConfigurationList;
			buildConfigurations = (
				502D408E1CAAB319008F22E2 /* Debug */,
				502D408F1CAAB319008F22E2 /* Release */,
			);
			defaultConfigurationIsVisible = 0;
		};
/* End XCConfigurationList section */
	};
	rootObject = 502D40731CAAB319008F22E2 /* Project object */;
}
