// !$*UTF8*$!
{
	archiveVersion = 1;
	classes = {
	};
	objectVersion = 46;
	objects = {

/* Begin PBXBuildFile section */
		50D6B2361CA3880100D3EF30 /* AppDelegate.swift in Sources */ = {isa = PBXBuildFile; fileRef = 50D6B2351CA3880100D3EF30 /* AppDelegate.swift */; };
		50D6B2381CA3880100D3EF30 /* ViewController.swift in Sources */ = {isa = PBXBuildFile; fileRef = 50D6B2371CA3880100D3EF30 /* ViewController.swift */; };
		50D6B23B1CA3880100D3EF30 /* Main.storyboard in Resources */ = {isa = PBXBuildFile; fileRef = 50D6B2391CA3880100D3EF30 /* Main.storyboard */; };
		50D6B23D1CA3880100D3EF30 /* Assets.xcassets in Resources */ = {isa = PBXBuildFile; fileRef = 50D6B23C1CA3880100D3EF30 /* Assets.xcassets */; };
		50D6B2401CA3880100D3EF30 /* LaunchScreen.storyboard in Resources */ = {isa = PBXBuildFile; fileRef = 50D6B23E1CA3880100D3EF30 /* LaunchScreen.storyboard */; };
		50ED93E01CA3BD5C002F4B6D /* LeftViewController.swift in Sources */ = {isa = PBXBuildFile; fileRef = 50ED93DE1CA3BD5C002F4B6D /* LeftViewController.swift */; };
		50ED93E11CA3BD5C002F4B6D /* LeftViewController.xib in Resources */ = {isa = PBXBuildFile; fileRef = 50ED93DF1CA3BD5C002F4B6D /* LeftViewController.xib */; };
		50ED93E81CA3BD87002F4B6D /* RightViewController.swift in Sources */ = {isa = PBXBuildFile; fileRef = 50ED93E61CA3BD87002F4B6D /* RightViewController.swift */; };
		50ED93E91CA3BD87002F4B6D /* RightViewController.xib in Resources */ = {isa = PBXBuildFile; fileRef = 50ED93E71CA3BD87002F4B6D /* RightViewController.xib */; };
		50ED93F01CA3D33B002F4B6D /* CameraViewController.swift in Sources */ = {isa = PBXBuildFile; fileRef = 50ED93EE1CA3D33B002F4B6D /* CameraViewController.swift */; };
		50ED93F11CA3D33B002F4B6D /* CameraViewController.xib in Resources */ = {isa = PBXBuildFile; fileRef = 50ED93EF1CA3D33B002F4B6D /* CameraViewController.xib */; };
/* End PBXBuildFile section */

/* Begin PBXFileReference section */
		50D6B2321CA3880100D3EF30 /* Project 04 - SnapChatMenu.app */ = {isa = PBXFileReference; explicitFileType = wrapper.application; includeInIndex = 0; path = "Project 04 - SnapChatMenu.app"; sourceTree = BUILT_PRODUCTS_DIR; };
		50D6B2351CA3880100D3EF30 /* AppDelegate.swift */ = {isa = PBXFileReference; lastKnownFileType = sourcecode.swift; path = AppDelegate.swift; sourceTree = "<group>"; };
		50D6B2371CA3880100D3EF30 /* ViewController.swift */ = {isa = PBXFileReference; lastKnownFileType = sourcecode.swift; path = ViewController.swift; sourceTree = "<group>"; };
		50D6B23A1CA3880100D3EF30 /* Base */ = {isa = PBXFileReference; lastKnownFileType = file.storyboard; name = Base; path = Base.lproj/Main.storyboard; sourceTree = "<group>"; };
		50D6B23C1CA3880100D3EF30 /* Assets.xcassets */ = {isa = PBXFileReference; lastKnownFileType = folder.assetcatalog; path = Assets.xcassets; sourceTree = "<group>"; };
		50D6B23F1CA3880100D3EF30 /* Base */ = {isa = PBXFileReference; lastKnownFileType = file.storyboard; name = Base; path = Base.lproj/LaunchScreen.storyboard; sourceTree = "<group>"; };
		50D6B2411CA3880100D3EF30 /* Info.plist */ = {isa = PBXFileReference; lastKnownFileType = text.plist.xml; path = Info.plist; sourceTree = "<group>"; };
		50ED93DE1CA3BD5C002F4B6D /* LeftViewController.swift */ = {isa = PBXFileReference; fileEncoding = 4; lastKnownFileType = sourcecode.swift; path = LeftViewController.swift; sourceTree = "<group>"; };
		50ED93DF1CA3BD5C002F4B6D /* LeftViewController.xib */ = {isa = PBXFileReference; fileEncoding = 4; lastKnownFileType = file.xib; path = LeftViewController.xib; sourceTree = "<group>"; };
		50ED93E61CA3BD87002F4B6D /* RightViewController.swift */ = {isa = PBXFileReference; fileEncoding = 4; lastKnownFileType = sourcecode.swift; path = RightViewController.swift; sourceTree = "<group>"; };
		50ED93E71CA3BD87002F4B6D /* RightViewController.xib */ = {isa = PBXFileReference; fileEncoding = 4; lastKnownFileType = file.xib; path = RightViewController.xib; sourceTree = "<group>"; };
		50ED93EE1CA3D33B002F4B6D /* CameraViewController.swift */ = {isa = PBXFileReference; fileEncoding = 4; lastKnownFileType = sourcecode.swift; path = CameraViewController.swift; sourceTree = "<group>"; };
		50ED93EF1CA3D33B002F4B6D /* CameraViewController.xib */ = {isa = PBXFileReference; fileEncoding = 4; lastKnownFileType = file.xib; path = CameraViewController.xib; sourceTree = "<group>"; };
/* End PBXFileReference section */

/* Begin PBXFrameworksBuildPhase section */
		50D6B22F1CA3880100D3EF30 /* Frameworks */ = {
			isa = PBXFrameworksBuildPhase;
			buildActionMask = 2147483647;
			files = (
			);
			runOnlyForDeploymentPostprocessing = 0;
		};
/* End PBXFrameworksBuildPhase section */

/* Begin PBXGroup section */
		50D6B2291CA3880100D3EF30 = {
			isa = PBXGroup;
			children = (
				50D6B2341CA3880100D3EF30 /* Project 04 - SnapChatMenu */,
				50D6B2331CA3880100D3EF30 /* Products */,
			);
			sourceTree = "<group>";
		};
		50D6B2331CA3880100D3EF30 /* Products */ = {
			isa = PBXGroup;
			children = (
				50D6B2321CA3880100D3EF30 /* Project 04 - SnapChatMenu.app */,
			);
			name = Products;
			sourceTree = "<group>";
		};
		50D6B2341CA3880100D3EF30 /* Project 04 - SnapChatMenu */ = {
			isa = PBXGroup;
			children = (
				50D6B2351CA3880100D3EF30 /* AppDelegate.swift */,
				50D6B2371CA3880100D3EF30 /* ViewController.swift */,
				50D6B2391CA3880100D3EF30 /* Main.storyboard */,
				50ED93DE1CA3BD5C002F4B6D /* LeftViewController.swift */,
				50ED93DF1CA3BD5C002F4B6D /* LeftViewController.xib */,
				50ED93EE1CA3D33B002F4B6D /* CameraViewController.swift */,
				50ED93EF1CA3D33B002F4B6D /* CameraViewController.xib */,
				50ED93E61CA3BD87002F4B6D /* RightViewController.swift */,
				50ED93E71CA3BD87002F4B6D /* RightViewController.xib */,
				50D6B23C1CA3880100D3EF30 /* Assets.xcassets */,
				50D6B23E1CA3880100D3EF30 /* LaunchScreen.storyboard */,
				50D6B2411CA3880100D3EF30 /* Info.plist */,
			);
			path = "Project 04 - SnapChatMenu";
			sourceTree = "<group>";
		};
/* End PBXGroup section */

/* Begin PBXNativeTarget section */
		50D6B2311CA3880100D3EF30 /* Project 04 - SnapChatMenu */ = {
			isa = PBXNativeTarget;
			buildConfigurationList = 50D6B2441CA3880100D3EF30 /* Build configuration list for PBXNativeTarget "Project 04 - SnapChatMenu" */;
			buildPhases = (
				50D6B22E1CA3880100D3EF30 /* Sources */,
				50D6B22F1CA3880100D3EF30 /* Frameworks */,
				50D6B2301CA3880100D3EF30 /* Resources */,
			);
			buildRules = (
			);
			dependencies = (
			);
			name = "Project 04 - SnapChatMenu";
			productName = "Project 04 - SnapChatMenu";
			productReference = 50D6B2321CA3880100D3EF30 /* Project 04 - SnapChatMenu.app */;
			productType = "com.apple.product-type.application";
		};
/* End PBXNativeTarget section */

/* Begin PBXProject section */
		50D6B22A1CA3880100D3EF30 /* Project object */ = {
			isa = PBXProject;
			attributes = {
				LastSwiftUpdateCheck = 0720;
				LastUpgradeCheck = 0720;
				ORGANIZATIONNAME = ZhangQingjie;
				TargetAttributes = {
					50D6B2311CA3880100D3EF30 = {
						CreatedOnToolsVersion = 7.2;
					};
				};
			};
			buildConfigurationList = 50D6B22D1CA3880100D3EF30 /* Build configuration list for PBXProject "Project 04 - SnapChatMenu" */;
			compatibilityVersion = "Xcode 3.2";
			developmentRegion = English;
			hasScannedForEncodings = 0;
			knownRegions = (
				en,
				Base,
			);
			mainGroup = 50D6B2291CA3880100D3EF30;
			productRefGroup = 50D6B2331CA3880100D3EF30 /* Products */;
			projectDirPath = "";
			projectRoot = "";
			targets = (
				50D6B2311CA3880100D3EF30 /* Project 04 - SnapChatMenu */,
			);
		};
/* End PBXProject section */

/* Begin PBXResourcesBuildPhase section */
		50D6B2301CA3880100D3EF30 /* Resources */ = {
			isa = PBXResourcesBuildPhase;
			buildActionMask = 2147483647;
			files = (
				50D6B2401CA3880100D3EF30 /* LaunchScreen.storyboard in Resources */,
				50ED93E11CA3BD5C002F4B6D /* LeftViewController.xib in Resources */,
				50D6B23D1CA3880100D3EF30 /* Assets.xcassets in Resources */,
				50ED93F11CA3D33B002F4B6D /* CameraViewController.xib in Resources */,
				50ED93E91CA3BD87002F4B6D /* RightViewController.xib in Resources */,
				50D6B23B1CA3880100D3EF30 /* Main.storyboard in Resources */,
			);
			runOnlyForDeploymentPostprocessing = 0;
		};
/* End PBXResourcesBuildPhase section */

/* Begin PBXSourcesBuildPhase section */
		50D6B22E1CA3880100D3EF30 /* Sources */ = {
			isa = PBXSourcesBuildPhase;
			buildActionMask = 2147483647;
			files = (
				50ED93E01CA3BD5C002F4B6D /* LeftViewController.swift in Sources */,
				50ED93F01CA3D33B002F4B6D /* CameraViewController.swift in Sources */,
				50ED93E81CA3BD87002F4B6D /* RightViewController.swift in Sources */,
				50D6B2381CA3880100D3EF30 /* ViewController.swift in Sources */,
				50D6B2361CA3880100D3EF30 /* AppDelegate.swift in Sources */,
			);
			runOnlyForDeploymentPostprocessing = 0;
		};
/* End PBXSourcesBuildPhase section */

/* Begin PBXVariantGroup section */
		50D6B2391CA3880100D3EF30 /* Main.storyboard */ = {
			isa = PBXVariantGroup;
			children = (
				50D6B23A1CA3880100D3EF30 /* Base */,
			);
			name = Main.storyboard;
			sourceTree = "<group>";
		};
		50D6B23E1CA3880100D3EF30 /* LaunchScreen.storyboard */ = {
			isa = PBXVariantGroup;
			children = (
				50D6B23F1CA3880100D3EF30 /* Base */,
			);
			name = LaunchScreen.storyboard;
			sourceTree = "<group>";
		};
/* End PBXVariantGroup section */

/* Begin XCBuildConfiguration section */
		50D6B2421CA3880100D3EF30 /* Debug */ = {
			isa = XCBuildConfiguration;
			buildSettings = {
				ALWAYS_SEARCH_USER_PATHS = NO;
				CLANG_CXX_LANGUAGE_STANDARD = "gnu++0x";
				CLANG_CXX_LIBRARY = "libc++";
				CLANG_ENABLE_MODULES = YES;
				CLANG_ENABLE_OBJC_ARC = YES;
				CLANG_WARN_BOOL_CONVERSION = YES;
				CLANG_WARN_CONSTANT_CONVERSION = YES;
				CLANG_WARN_DIRECT_OBJC_ISA_USAGE = YES_ERROR;
				CLANG_WARN_EMPTY_BODY = YES;
				CLANG_WARN_ENUM_CONVERSION = YES;
				CLANG_WARN_INT_CONVERSION = YES;
				CLANG_WARN_OBJC_ROOT_CLASS = YES_ERROR;
				CLANG_WARN_UNREACHABLE_CODE = YES;
				CLANG_WARN__DUPLICATE_METHOD_MATCH = YES;
				"CODE_SIGN_IDENTITY[sdk=iphoneos*]" = "iPhone Developer";
				COPY_PHASE_STRIP = NO;
				DEBUG_INFORMATION_FORMAT = dwarf;
				ENABLE_STRICT_OBJC_MSGSEND = YES;
				ENABLE_TESTABILITY = YES;
				GCC_C_LANGUAGE_STANDARD = gnu99;
				GCC_DYNAMIC_NO_PIC = NO;
				GCC_NO_COMMON_BLOCKS = YES;
				GCC_OPTIMIZATION_LEVEL = 0;
				GCC_PREPROCESSOR_DEFINITIONS = (
					"DEBUG=1",
					"$(inherited)",
				);
				GCC_WARN_64_TO_32_BIT_CONVERSION = YES;
				GCC_WARN_ABOUT_RETURN_TYPE = YES_ERROR;
				GCC_WARN_UNDECLARED_SELECTOR = YES;
				GCC_WARN_UNINITIALIZED_AUTOS = YES_AGGRESSIVE;
				GCC_WARN_UNUSED_FUNCTION = YES;
				GCC_WARN_UNUSED_VARIABLE = YES;
				IPHONEOS_DEPLOYMENT_TARGET = 9.2;
				MTL_ENABLE_DEBUG_INFO = YES;
				ONLY_ACTIVE_ARCH = YES;
				SDKROOT = iphoneos;
				SWIFT_OPTIMIZATION_LEVEL = "-Onone";
			};
			name = Debug;
		};
		50D6B2431CA3880100D3EF30 /* Release */ = {
			isa = XCBuildConfiguration;
			buildSettings = {
				ALWAYS_SEARCH_USER_PATHS = NO;
				CLANG_CXX_LANGUAGE_STANDARD = "gnu++0x";
				CLANG_CXX_LIBRARY = "libc++";
				CLANG_ENABLE_MODULES = YES;
				CLANG_ENABLE_OBJC_ARC = YES;
				CLANG_WARN_BOOL_CONVERSION = YES;
				CLANG_WARN_CONSTANT_CONVERSION = YES;
				CLANG_WARN_DIRECT_OBJC_ISA_USAGE = YES_ERROR;
				CLANG_WARN_EMPTY_BODY = YES;
				CLANG_WARN_ENUM_CONVERSION = YES;
				CLANG_WARN_INT_CONVERSION = YES;
				CLANG_WARN_OBJC_ROOT_CLASS = YES_ERROR;
				CLANG_WARN_UNREACHABLE_CODE = YES;
				CLANG_WARN__DUPLICATE_METHOD_MATCH = YES;
				"CODE_SIGN_IDENTITY[sdk=iphoneos*]" = "iPhone Developer";
				COPY_PHASE_STRIP = NO;
				DEBUG_INFORMATION_FORMAT = "dwarf-with-dsym";
				ENABLE_NS_ASSERTIONS = NO;
				ENABLE_STRICT_OBJC_MSGSEND = YES;
				GCC_C_LANGUAGE_STANDARD = gnu99;
				GCC_NO_COMMON_BLOCKS = YES;
				GCC_WARN_64_TO_32_BIT_CONVERSION = YES;
				GCC_WARN_ABOUT_RETURN_TYPE = YES_ERROR;
				GCC_WARN_UNDECLARED_SELECTOR = YES;
				GCC_WARN_UNINITIALIZED_AUTOS = YES_AGGRESSIVE;
				GCC_WARN_UNUSED_FUNCTION = YES;
				GCC_WARN_UNUSED_VARIABLE = YES;
				IPHONEOS_DEPLOYMENT_TARGET = 9.2;
				MTL_ENABLE_DEBUG_INFO = NO;
				SDKROOT = iphoneos;
				VALIDATE_PRODUCT = YES;
			};
			name = Release;
		};
		50D6B2451CA3880100D3EF30 /* Debug */ = {
			isa = XCBuildConfiguration;
			buildSettings = {
				ASSETCATALOG_COMPILER_APPICON_NAME = AppIcon;
				CODE_SIGN_IDENTITY = "iPhone Developer";
				INFOPLIST_FILE = "Project 04 - SnapChatMenu/Info.plist";
				IPHONEOS_DEPLOYMENT_TARGET = 7.0;
				LD_RUNPATH_SEARCH_PATHS = "$(inherited) @executable_path/Frameworks";
				PRODUCT_BUNDLE_IDENTIFIER = "ZhangQingjie.Project-04---SnapChatMenu";
				PRODUCT_NAME = "$(TARGET_NAME)";
				PROVISIONING_PROFILE = "3d3a506b-d9b0-411e-ab05-56e016e68699";
			};
			name = Debug;
		};
		50D6B2461CA3880100D3EF30 /* Release */ = {
			isa = XCBuildConfiguration;
			buildSettings = {
				ASSETCATALOG_COMPILER_APPICON_NAME = AppIcon;
				CODE_SIGN_IDENTITY = "iPhone Developer";
				INFOPLIST_FILE = "Project 04 - SnapChatMenu/Info.plist";
				IPHONEOS_DEPLOYMENT_TARGET = 7.0;
				LD_RUNPATH_SEARCH_PATHS = "$(inherited) @executable_path/Frameworks";
				PRODUCT_BUNDLE_IDENTIFIER = "ZhangQingjie.Project-04---SnapChatMenu";
				PRODUCT_NAME = "$(TARGET_NAME)";
				PROVISIONING_PROFILE = "3d3a506b-d9b0-411e-ab05-56e016e68699";
			};
			name = Release;
		};
/* End XCBuildConfiguration section */

/* Begin XCConfigurationList section */
		50D6B22D1CA3880100D3EF30 /* Build configuration list for PBXProject "Project 04 - SnapChatMenu" */ = {
			isa = XCConfigurationList;
			buildConfigurations = (
				50D6B2421CA3880100D3EF30 /* Debug */,
				50D6B2431CA3880100D3EF30 /* Release */,
			);
			defaultConfigurationIsVisible = 0;
			defaultConfigurationName = Release;
		};
		50D6B2441CA3880100D3EF30 /* Build configuration list for PBXNativeTarget "Project 04 - SnapChatMenu" */ = {
			isa = XCConfigurationList;
			buildConfigurations = (
				50D6B2451CA3880100D3EF30 /* Debug */,
				50D6B2461CA3880100D3EF30 /* Release */,
			);
			defaultConfigurationIsVisible = 0;
			defaultConfigurationName = Release;
		};
/* End XCConfigurationList section */
	};
	rootObject = 50D6B22A1CA3880100D3EF30 /* Project object */;
}
