// !$*UTF8*$!
{
	archiveVersion = 1;
	classes = {
	};
	objectVersion = 46;
	objects = {

/* Begin PBXBuildFile section */
		50D66DFF1CB60EBD0063B674 /* AppDelegate.swift in Sources */ = {isa = PBXBuildFile; fileRef = 50D66DFE1CB60EBD0063B674 /* AppDelegate.swift */; };
		50D66E011CB60EBD0063B674 /* ViewController.swift in Sources */ = {isa = PBXBuildFile; fileRef = 50D66E001CB60EBD0063B674 /* ViewController.swift */; };
		50D66E041CB60EBD0063B674 /* Main.storyboard in Resources */ = {isa = PBXBuildFile; fileRef = 50D66E021CB60EBD0063B674 /* Main.storyboard */; };
		50D66E061CB60EBD0063B674 /* Assets.xcassets in Resources */ = {isa = PBXBuildFile; fileRef = 50D66E051CB60EBD0063B674 /* Assets.xcassets */; };
		50D66E091CB60EBD0063B674 /* LaunchScreen.storyboard in Resources */ = {isa = PBXBuildFile; fileRef = 50D66E071CB60EBD0063B674 /* LaunchScreen.storyboard */; };
		50D66E111CB60EE40063B674 /* VideoBackgroundViewController.swift in Sources */ = {isa = PBXBuildFile; fileRef = 50D66E101CB60EE40063B674 /* VideoBackgroundViewController.swift */; };
		50D66E131CB6142F0063B674 /* spotifyVideo.mp4 in Resources */ = {isa = PBXBuildFile; fileRef = 50D66E121CB6142F0063B674 /* spotifyVideo.mp4 */; };
/* End PBXBuildFile section */

/* Begin PBXFileReference section */
		50D66DFB1CB60EBD0063B674 /* Project 10 - VideoBackground.app */ = {isa = PBXFileReference; explicitFileType = wrapper.application; includeInIndex = 0; path = "Project 10 - VideoBackground.app"; sourceTree = BUILT_PRODUCTS_DIR; };
		50D66DFE1CB60EBD0063B674 /* AppDelegate.swift */ = {isa = PBXFileReference; lastKnownFileType = sourcecode.swift; path = AppDelegate.swift; sourceTree = "<group>"; };
		50D66E001CB60EBD0063B674 /* ViewController.swift */ = {isa = PBXFileReference; lastKnownFileType = sourcecode.swift; path = ViewController.swift; sourceTree = "<group>"; };
		50D66E031CB60EBD0063B674 /* Base */ = {isa = PBXFileReference; lastKnownFileType = file.storyboard; name = Base; path = Base.lproj/Main.storyboard; sourceTree = "<group>"; };
		50D66E051CB60EBD0063B674 /* Assets.xcassets */ = {isa = PBXFileReference; lastKnownFileType = folder.assetcatalog; path = Assets.xcassets; sourceTree = "<group>"; };
		50D66E081CB60EBD0063B674 /* Base */ = {isa = PBXFileReference; lastKnownFileType = file.storyboard; name = Base; path = Base.lproj/LaunchScreen.storyboard; sourceTree = "<group>"; };
		50D66E0A1CB60EBD0063B674 /* Info.plist */ = {isa = PBXFileReference; lastKnownFileType = text.plist.xml; path = Info.plist; sourceTree = "<group>"; };
		50D66E101CB60EE40063B674 /* VideoBackgroundViewController.swift */ = {isa = PBXFileReference; fileEncoding = 4; lastKnownFileType = sourcecode.swift; path = VideoBackgroundViewController.swift; sourceTree = "<group>"; };
		50D66E121CB6142F0063B674 /* spotifyVideo.mp4 */ = {isa = PBXFileReference; lastKnownFileType = file; path = spotifyVideo.mp4; sourceTree = "<group>"; };
/* End PBXFileReference section */

/* Begin PBXFrameworksBuildPhase section */
		50D66DF81CB60EBD0063B674 /* Frameworks */ = {
			isa = PBXFrameworksBuildPhase;
			buildActionMask = 2147483647;
			files = (
			);
			runOnlyForDeploymentPostprocessing = 0;
		};
/* End PBXFrameworksBuildPhase section */

/* Begin PBXGroup section */
		50D66DF21CB60EBD0063B674 = {
			isa = PBXGroup;
			children = (
				50D66DFD1CB60EBD0063B674 /* Project 10 - VideoBackground */,
				50D66DFC1CB60EBD0063B674 /* Products */,
			);
			sourceTree = "<group>";
		};
		50D66DFC1CB60EBD0063B674 /* Products */ = {
			isa = PBXGroup;
			children = (
				50D66DFB1CB60EBD0063B674 /* Project 10 - VideoBackground.app */,
			);
			name = Products;
			sourceTree = "<group>";
		};
		50D66DFD1CB60EBD0063B674 /* Project 10 - VideoBackground */ = {
			isa = PBXGroup;
			children = (
				50D66DFE1CB60EBD0063B674 /* AppDelegate.swift */,
				50D66E101CB60EE40063B674 /* VideoBackgroundViewController.swift */,
				50D66E001CB60EBD0063B674 /* ViewController.swift */,
				50D66E021CB60EBD0063B674 /* Main.storyboard */,
				50D66E121CB6142F0063B674 /* spotifyVideo.mp4 */,
				50D66E051CB60EBD0063B674 /* Assets.xcassets */,
				50D66E071CB60EBD0063B674 /* LaunchScreen.storyboard */,
				50D66E0A1CB60EBD0063B674 /* Info.plist */,
			);
			path = "Project 10 - VideoBackground";
			sourceTree = "<group>";
		};
/* End PBXGroup section */

/* Begin PBXNativeTarget section */
		50D66DFA1CB60EBD0063B674 /* Project 10 - VideoBackground */ = {
			isa = PBXNativeTarget;
			buildConfigurationList = 50D66E0D1CB60EBD0063B674 /* Build configuration list for PBXNativeTarget "Project 10 - VideoBackground" */;
			buildPhases = (
				50D66DF71CB60EBD0063B674 /* Sources */,
				50D66DF81CB60EBD0063B674 /* Frameworks */,
				50D66DF91CB60EBD0063B674 /* Resources */,
			);
			buildRules = (
			);
			dependencies = (
			);
			name = "Project 10 - VideoBackground";
			productName = "Project 10 - VideoBackground";
			productReference = 50D66DFB1CB60EBD0063B674 /* Project 10 - VideoBackground.app */;
			productType = "com.apple.product-type.application";
		};
/* End PBXNativeTarget section */

/* Begin PBXProject section */
		50D66DF31CB60EBD0063B674 /* Project object */ = {
			isa = PBXProject;
			attributes = {
				LastSwiftUpdateCheck = 0720;
				LastUpgradeCheck = 0720;
				ORGANIZATIONNAME = ZhangQingjie;
				TargetAttributes = {
					50D66DFA1CB60EBD0063B674 = {
						CreatedOnToolsVersion = 7.2;
					};
				};
			};
			buildConfigurationList = 50D66DF61CB60EBD0063B674 /* Build configuration list for PBXProject "Project 10 - VideoBackground" */;
			compatibilityVersion = "Xcode 3.2";
			developmentRegion = English;
			hasScannedForEncodings = 0;
			knownRegions = (
				en,
				Base,
			);
			mainGroup = 50D66DF21CB60EBD0063B674;
			productRefGroup = 50D66DFC1CB60EBD0063B674 /* Products */;
			projectDirPath = "";
			projectRoot = "";
			targets = (
				50D66DFA1CB60EBD0063B674 /* Project 10 - VideoBackground */,
			);
		};
/* End PBXProject section */

/* Begin PBXResourcesBuildPhase section */
		50D66DF91CB60EBD0063B674 /* Resources */ = {
			isa = PBXResourcesBuildPhase;
			buildActionMask = 2147483647;
			files = (
				50D66E131CB6142F0063B674 /* spotifyVideo.mp4 in Resources */,
				50D66E091CB60EBD0063B674 /* LaunchScreen.storyboard in Resources */,
				50D66E061CB60EBD0063B674 /* Assets.xcassets in Resources */,
				50D66E041CB60EBD0063B674 /* Main.storyboard in Resources */,
			);
			runOnlyForDeploymentPostprocessing = 0;
		};
/* End PBXResourcesBuildPhase section */

/* Begin PBXSourcesBuildPhase section */
		50D66DF71CB60EBD0063B674 /* Sources */ = {
			isa = PBXSourcesBuildPhase;
			buildActionMask = 2147483647;
			files = (
				50D66E111CB60EE40063B674 /* VideoBackgroundViewController.swift in Sources */,
				50D66E011CB60EBD0063B674 /* ViewController.swift in Sources */,
				50D66DFF1CB60EBD0063B674 /* AppDelegate.swift in Sources */,
			);
			runOnlyForDeploymentPostprocessing = 0;
		};
/* End PBXSourcesBuildPhase section */

/* Begin PBXVariantGroup section */
		50D66E021CB60EBD0063B674 /* Main.storyboard */ = {
			isa = PBXVariantGroup;
			children = (
				50D66E031CB60EBD0063B674 /* Base */,
			);
			name = Main.storyboard;
			sourceTree = "<group>";
		};
		50D66E071CB60EBD0063B674 /* LaunchScreen.storyboard */ = {
			isa = PBXVariantGroup;
			children = (
				50D66E081CB60EBD0063B674 /* Base */,
			);
			name = LaunchScreen.storyboard;
			sourceTree = "<group>";
		};
/* End PBXVariantGroup section */

/* Begin XCBuildConfiguration section */
		50D66E0B1CB60EBD0063B674 /* Debug */ = {
			isa = XCBuildConfiguration;
			buildSettings = {
				ALWAYS_SEARCH_USER_PATHS = NO;
				CLANG_CXX_LANGUAGE_STANDARD = "gnu++0x";
				CLANG_CXX_LIBRARY = "libc++";
				CLANG_ENABLE_MODULES = YES;
				CLANG_ENABLE_OBJC_ARC = YES;
				CLANG_WARN_BOOL_CONVERSION = YES;
				CLANG_WARN_CONSTANT_CONVERSION = YES;
				CLANG_WARN_DIRECT_OBJC_ISA_USAGE = YES_ERROR;
				CLANG_WARN_EMPTY_BODY = YES;
				CLANG_WARN_ENUM_CONVERSION = YES;
				CLANG_WARN_INT_CONVERSION = YES;
				CLANG_WARN_OBJC_ROOT_CLASS = YES_ERROR;
				CLANG_WARN_UNREACHABLE_CODE = YES;
				CLANG_WARN__DUPLICATE_METHOD_MATCH = YES;
				"CODE_SIGN_IDENTITY[sdk=iphoneos*]" = "iPhone Developer";
				COPY_PHASE_STRIP = NO;
				DEBUG_INFORMATION_FORMAT = dwarf;
				ENABLE_STRICT_OBJC_MSGSEND = YES;
				ENABLE_TESTABILITY = YES;
				GCC_C_LANGUAGE_STANDARD = gnu99;
				GCC_DYNAMIC_NO_PIC = NO;
				GCC_NO_COMMON_BLOCKS = YES;
				GCC_OPTIMIZATION_LEVEL = 0;
				GCC_PREPROCESSOR_DEFINITIONS = (
					"DEBUG=1",
					"$(inherited)",
				);
				GCC_WARN_64_TO_32_BIT_CONVERSION = YES;
				GCC_WARN_ABOUT_RETURN_TYPE = YES_ERROR;
				GCC_WARN_UNDECLARED_SELECTOR = YES;
				GCC_WARN_UNINITIALIZED_AUTOS = YES_AGGRESSIVE;
				GCC_WARN_UNUSED_FUNCTION = YES;
				GCC_WARN_UNUSED_VARIABLE = YES;
				IPHONEOS_DEPLOYMENT_TARGET = 9.2;
				MTL_ENABLE_DEBUG_INFO = YES;
				ONLY_ACTIVE_ARCH = YES;
				SDKROOT = iphoneos;
				SWIFT_OPTIMIZATION_LEVEL = "-Onone";
			};
			name = Debug;
		};
		50D66E0C1CB60EBD0063B674 /* Release */ = {
			isa = XCBuildConfiguration;
			buildSettings = {
				ALWAYS_SEARCH_USER_PATHS = NO;
				CLANG_CXX_LANGUAGE_STANDARD = "gnu++0x";
				CLANG_CXX_LIBRARY = "libc++";
				CLANG_ENABLE_MODULES = YES;
				CLANG_ENABLE_OBJC_ARC = YES;
				CLANG_WARN_BOOL_CONVERSION = YES;
				CLANG_WARN_CONSTANT_CONVERSION = YES;
				CLANG_WARN_DIRECT_OBJC_ISA_USAGE = YES_ERROR;
				CLANG_WARN_EMPTY_BODY = YES;
				CLANG_WARN_ENUM_CONVERSION = YES;
				CLANG_WARN_INT_CONVERSION = YES;
				CLANG_WARN_OBJC_ROOT_CLASS = YES_ERROR;
				CLANG_WARN_UNREACHABLE_CODE = YES;
				CLANG_WARN__DUPLICATE_METHOD_MATCH = YES;
				"CODE_SIGN_IDENTITY[sdk=iphoneos*]" = "iPhone Developer";
				COPY_PHASE_STRIP = NO;
				DEBUG_INFORMATION_FORMAT = "dwarf-with-dsym";
				ENABLE_NS_ASSERTIONS = NO;
				ENABLE_STRICT_OBJC_MSGSEND = YES;
				GCC_C_LANGUAGE_STANDARD = gnu99;
				GCC_NO_COMMON_BLOCKS = YES;
				GCC_WARN_64_TO_32_BIT_CONVERSION = YES;
				GCC_WARN_ABOUT_RETURN_TYPE = YES_ERROR;
				GCC_WARN_UNDECLARED_SELECTOR = YES;
				GCC_WARN_UNINITIALIZED_AUTOS = YES_AGGRESSIVE;
				GCC_WARN_UNUSED_FUNCTION = YES;
				GCC_WARN_UNUSED_VARIABLE = YES;
				IPHONEOS_DEPLOYMENT_TARGET = 9.2;
				MTL_ENABLE_DEBUG_INFO = NO;
				SDKROOT = iphoneos;
				VALIDATE_PRODUCT = YES;
			};
			name = Release;
		};
		50D66E0E1CB60EBD0063B674 /* Debug */ = {
			isa = XCBuildConfiguration;
			buildSettings = {
				ASSETCATALOG_COMPILER_APPICON_NAME = AppIcon;
				INFOPLIST_FILE = "Project 10 - VideoBackground/Info.plist";
				LD_RUNPATH_SEARCH_PATHS = "$(inherited) @executable_path/Frameworks";
				PRODUCT_BUNDLE_IDENTIFIER = "ZhangQingjie.Project-10---VideoBackground";
				PRODUCT_NAME = "$(TARGET_NAME)";
			};
			name = Debug;
		};
		50D66E0F1CB60EBD0063B674 /* Release */ = {
			isa = XCBuildConfiguration;
			buildSettings = {
				ASSETCATALOG_COMPILER_APPICON_NAME = AppIcon;
				INFOPLIST_FILE = "Project 10 - VideoBackground/Info.plist";
				LD_RUNPATH_SEARCH_PATHS = "$(inherited) @executable_path/Frameworks";
				PRODUCT_BUNDLE_IDENTIFIER = "ZhangQingjie.Project-10---VideoBackground";
				PRODUCT_NAME = "$(TARGET_NAME)";
			};
			name = Release;
		};
/* End XCBuildConfiguration section */

/* Begin XCConfigurationList section */
		50D66DF61CB60EBD0063B674 /* Build configuration list for PBXProject "Project 10 - VideoBackground" */ = {
			isa = XCConfigurationList;
			buildConfigurations = (
				50D66E0B1CB60EBD0063B674 /* Debug */,
				50D66E0C1CB60EBD0063B674 /* Release */,
			);
			defaultConfigurationIsVisible = 0;
			defaultConfigurationName = Release;
		};
		50D66E0D1CB60EBD0063B674 /* Build configuration list for PBXNativeTarget "Project 10 - VideoBackground" */ = {
			isa = XCConfigurationList;
			buildConfigurations = (
				50D66E0E1CB60EBD0063B674 /* Debug */,
				50D66E0F1CB60EBD0063B674 /* Release */,
			);
			defaultConfigurationIsVisible = 0;
		};
/* End XCConfigurationList section */
	};
	rootObject = 50D66DF31CB60EBD0063B674 /* Project object */;
}
